schema: '2.0'
stages:
  preprocess:
    cmd: python preprocess.py
    deps:
    - path: data/heart.csv
      hash: md5
      md5: f8376ac9db4d25345aead44787474f27
      size: 11328
    - path: preprocess.py
      hash: md5
      md5: 4e902bc0b99e93e35267c0834886a026
      size: 1924
    outs:
    - path: data/test.csv
      hash: md5
      md5: 9eb9a2d9575855c4c7a5eb61182e8d68
      size: 3100
    - path: data/train.csv
      hash: md5
      md5: 210a9a7f8630f11fbbb8d78d78966a4f
      size: 8832
  train:
    cmd: python train.py
    deps:
    - path: data/train.csv
      hash: md5
      md5: 210a9a7f8630f11fbbb8d78d78966a4f
      size: 8832
    - path: train.py
      hash: md5
      md5: 0b9d19897c40eeb57612a478d4e567bf
      size: 508
    outs:
    - path: models/model.pkl
      hash: md5
      md5: 5d0bed03cf6779309ac32cfec28d5431
      size: 1455
  validate:
    cmd: python validate.py
    deps:
    - path: data/test.csv
      hash: md5
      md5: 9eb9a2d9575855c4c7a5eb61182e8d68
      size: 3100
    - path: models/model.pkl
      hash: md5
      md5: 5d0bed03cf6779309ac32cfec28d5431
      size: 1455
    - path: validate.py
      hash: md5
      md5: 5c4ba26bcff98567e0a8e449891b39cf
      size: 1495
    outs:
    - path: models/confusion_matrix.csv
      hash: md5
      md5: ec59625c87742903dffda4e0d2cec290
      size: 12
    - path: models/confusion_matrix.png
      hash: md5
      md5: a5a20dcb200fbb89dcb8b7a00815b8d5
      size: 14723
    - path: models/metrics.json
      hash: md5
      md5: 830890e56b02c6c23650f0feeadc53d3
      size: 150
