schema: '2.0'
stages:
  preprocess:
    cmd: python preprocess.py
    deps:
    - path: data/heart.csv
      hash: md5
      md5: f8376ac9db4d25345aead44787474f27
      size: 11328
    - path: preprocess.py
      hash: md5
      md5: 4fe616f421b2405d71f482772499e67a
      size: 2058
    outs:
    - path: data/test.csv
      hash: md5
      md5: 9eb9a2d9575855c4c7a5eb61182e8d68
      size: 3100
    - path: data/train.csv
      hash: md5
      md5: 210a9a7f8630f11fbbb8d78d78966a4f
      size: 8832
  train:
    cmd: python train.py
    deps:
    - path: data/train.csv
      hash: md5
      md5: 210a9a7f8630f11fbbb8d78d78966a4f
      size: 8832
    - path: train.py
      hash: md5
      md5: 51271438346aad7ba9e5b159939d81b6
      size: 1831
    outs:
    - path: models/model.pkl
      hash: md5
      md5: 1719a2c9e6fd33ecbe67ddb260d18e35
      size: 27835
  validate:
    cmd: python validate.py
    deps:
    - path: data/test.csv
      hash: md5
      md5: 9eb9a2d9575855c4c7a5eb61182e8d68
      size: 3100
    - path: models_tuned/model.pkl
      hash: md5
      md5: c450aadb7f038aae0a8fe7a21a2b9fe3
      size: 12219
    - path: validate.py
      hash: md5
      md5: 73ec5479ee13cea08571a64dab070906
      size: 2422
    outs:
    - path: models/confusion_matrix.png
      hash: md5
      md5: 412358bf6f35d496708d89c9858cea4f
      size: 14395
  tune:
    cmd: python tune.py
    deps:
    - path: data/train.csv
      hash: md5
      md5: 210a9a7f8630f11fbbb8d78d78966a4f
      size: 8832
    - path: tune.py
      hash: md5
      md5: 3fc5134aea22deda8b8833f0ae3de09b
      size: 2457
    outs:
    - path: models_tuned/model.pkl
      hash: md5
      md5: c450aadb7f038aae0a8fe7a21a2b9fe3
      size: 12219
